
Microsoft Visual Studio Solution File, Format Version 12.00
# Visual Studio 2012
Project("{FAE04EC0-301F-11D3-BF4B-00C04F79EFBC}") = "RUBRIDENSii", "RUBRIDENSii\RUBRIDENSii.csproj", "{F4632BA3-4D59-409E-B50B-FFDE8195376A}"
EndProject
Global
	GlobalSection(SolutionConfigurationPlatforms) = preSolution
		Debug|Any CPU = Debug|Any CPU
		Release|Any CPU = Release|Any CPU
	EndGlobalSection
	GlobalSection(ProjectConfigurationPlatforms) = postSolution
		{F4632BA3-4D59-409E-B50B-FFDE8195376A}.Debug|Any CPU.ActiveCfg = Debug|Any CPU
		{F4632BA3-4D59-409E-B50B-FFDE8195376A}.Debug|Any CPU.Build.0 = Debug|Any CPU
		{F4632BA3-4D59-409E-B50B-FFDE8195376A}.Release|Any CPU.ActiveCfg = Release|Any CPU
		{F4632BA3-4D59-409E-B50B-FFDE8195376A}.Release|Any CPU.Build.0 = Release|Any CPU
	EndGlobalSection
	GlobalSection(SolutionProperties) = preSolution
		HideSolutionNode = FALSE
	EndGlobalSection
EndGlobal
